
Microsoft Visual Studio Solution File, Format Version 12.00
# Visual Studio 2012
Project("{FAE04EC0-301F-11D3-BF4B-00C04F79EFBC}") = "Mapbox.Sdk.Services", "Mapbox.Sdk.Services\Mapbox.Sdk.Services.csproj", "{358AA8F1-8D64-4BFE-9BC1-9A7ED19D5CEB}"
EndProject
Project("{FAE04EC0-301F-11D3-BF4B-00C04F79EFBC}") = "Samples", "Samples\Samples.csproj", "{69FCD618-5F3A-4C13-92A4-EB381129F56B}"
EndProject
Global
	GlobalSection(SolutionConfigurationPlatforms) = preSolution
		Debug|Any CPU = Debug|Any CPU
		Release|Any CPU = Release|Any CPU
	EndGlobalSection
	GlobalSection(ProjectConfigurationPlatforms) = postSolution
		{358AA8F1-8D64-4BFE-9BC1-9A7ED19D5CEB}.Debug|Any CPU.ActiveCfg = Debug|Any CPU
		{358AA8F1-8D64-4BFE-9BC1-9A7ED19D5CEB}.Debug|Any CPU.Build.0 = Debug|Any CPU
		{358AA8F1-8D64-4BFE-9BC1-9A7ED19D5CEB}.Release|Any CPU.ActiveCfg = Release|Any CPU
		{358AA8F1-8D64-4BFE-9BC1-9A7ED19D5CEB}.Release|Any CPU.Build.0 = Release|Any CPU
		{69FCD618-5F3A-4C13-92A4-EB381129F56B}.Debug|Any CPU.ActiveCfg = Debug|Any CPU
		{69FCD618-5F3A-4C13-92A4-EB381129F56B}.Debug|Any CPU.Build.0 = Debug|Any CPU
		{69FCD618-5F3A-4C13-92A4-EB381129F56B}.Release|Any CPU.ActiveCfg = Release|Any CPU
		{69FCD618-5F3A-4C13-92A4-EB381129F56B}.Release|Any CPU.Build.0 = Release|Any CPU
	EndGlobalSection
EndGlobal
